
Microsoft Visual Studio Solution File, Format Version 12.00
# Visual Studio Version 16
VisualStudioVersion = 16.0.30406.217
MinimumVisualStudioVersion = 10.0.40219.1
Project("{9A19103F-16F7-4668-BE54-9A1E7A4F7556}") = "EShop.BL", "EShop.BL\EShop.BL.csproj", "{D04D5B19-2240-4F59-87D5-E14613DCBF0B}"
EndProject
Project("{9A19103F-16F7-4668-BE54-9A1E7A4F7556}") = "EShop.Persistent", "EShop.Persistent\EShop.Persistent.csproj", "{396FC966-4F9C-4E4A-94CF-C7F1E5746AC0}"
EndProject
Project("{FAE04EC0-301F-11D3-BF4B-00C04F79EFBC}") = "EShop.Tests", "EShop.Tests\EShop.Tests.csproj", "{E67A7F85-CF8A-4917-9136-3BC2FBE30516}"
EndProject
Global
	GlobalSection(SolutionConfigurationPlatforms) = preSolution
		Debug|Any CPU = Debug|Any CPU
		Release|Any CPU = Release|Any CPU
	EndGlobalSection
	GlobalSection(ProjectConfigurationPlatforms) = postSolution
		{D04D5B19-2240-4F59-87D5-E14613DCBF0B}.Debug|Any CPU.ActiveCfg = Debug|Any CPU
		{D04D5B19-2240-4F59-87D5-E14613DCBF0B}.Debug|Any CPU.Build.0 = Debug|Any CPU
		{D04D5B19-2240-4F59-87D5-E14613DCBF0B}.Release|Any CPU.ActiveCfg = Release|Any CPU
		{D04D5B19-2240-4F59-87D5-E14613DCBF0B}.Release|Any CPU.Build.0 = Release|Any CPU
		{396FC966-4F9C-4E4A-94CF-C7F1E5746AC0}.Debug|Any CPU.ActiveCfg = Debug|Any CPU
		{396FC966-4F9C-4E4A-94CF-C7F1E5746AC0}.Debug|Any CPU.Build.0 = Debug|Any CPU
		{396FC966-4F9C-4E4A-94CF-C7F1E5746AC0}.Release|Any CPU.ActiveCfg = Release|Any CPU
		{396FC966-4F9C-4E4A-94CF-C7F1E5746AC0}.Release|Any CPU.Build.0 = Release|Any CPU
		{E67A7F85-CF8A-4917-9136-3BC2FBE30516}.Debug|Any CPU.ActiveCfg = Debug|Any CPU
		{E67A7F85-CF8A-4917-9136-3BC2FBE30516}.Debug|Any CPU.Build.0 = Debug|Any CPU
		{E67A7F85-CF8A-4917-9136-3BC2FBE30516}.Release|Any CPU.ActiveCfg = Release|Any CPU
		{E67A7F85-CF8A-4917-9136-3BC2FBE30516}.Release|Any CPU.Build.0 = Release|Any CPU
	EndGlobalSection
	GlobalSection(SolutionProperties) = preSolution
		HideSolutionNode = FALSE
	EndGlobalSection
	GlobalSection(ExtensibilityGlobals) = postSolution
		SolutionGuid = {32F4028D-A9D7-4F14-9722-59F6C55D34FE}
	EndGlobalSection
EndGlobal
